{
  "name": "backend",
  "lockfileVersion": 3,
  "requires": true,
  "packages": {
    "": {
      "dependencies": {
        "@bdsqqq/try": "^2.3.1"
      }
    },
    "node_modules/@bdsqqq/try": {
      "version": "2.3.1",
      "resolved": "https://registry.npmjs.org/@bdsqqq/try/-/try-2.3.1.tgz",
      "integrity": "sha512-P3HbUpmXW/99xGD26xl4eMVmne3NZ1C4sQ8u17YPkWRW34RoNHjbRdHwgxKmszqTm/4Ah7zVdf1XQ5d+QYUzlg=="
    }
  }
}
